
Microsoft Visual Studio Solution File, Format Version 12.00
# Visual Studio 15
VisualStudioVersion = 15.0.28010.2050
MinimumVisualStudioVersion = 10.0.40219.1
Project("{9A19103F-16F7-4668-BE54-9A1E7A4F7556}") = "PumpedUpKicks", "WebApplication1\PumpedUpKicks.csproj", "{AA0A420F-0766-44B0-A3C8-468AD487C939}"
EndProject
Global
	GlobalSection(SolutionConfigurationPlatforms) = preSolution
		Debug|Any CPU = Debug|Any CPU
		Release|Any CPU = Release|Any CPU
	EndGlobalSection
	GlobalSection(ProjectConfigurationPlatforms) = postSolution
		{AA0A420F-0766-44B0-A3C8-468AD487C939}.Debug|Any CPU.ActiveCfg = Debug|Any CPU
		{AA0A420F-0766-44B0-A3C8-468AD487C939}.Debug|Any CPU.Build.0 = Debug|Any CPU
		{AA0A420F-0766-44B0-A3C8-468AD487C939}.Release|Any CPU.ActiveCfg = Release|Any CPU
		{AA0A420F-0766-44B0-A3C8-468AD487C939}.Release|Any CPU.Build.0 = Release|Any CPU
	EndGlobalSection
	GlobalSection(SolutionProperties) = preSolution
		HideSolutionNode = FALSE
	EndGlobalSection
	GlobalSection(ExtensibilityGlobals) = postSolution
		SolutionGuid = {F28DC9F3-483E-478B-8BFC-F5E09B684247}
	EndGlobalSection
EndGlobal
